{
  "version": "5",
  "specifiers": {
    "npm:@rescript/core@1": "1.6.1_rescript@11.1.4",
    "npm:@tauri-apps/api@2": "2.9.1",
    "npm:@tauri-apps/plugin-clipboard-manager@2": "2.3.2",
    "npm:@tauri-apps/plugin-dialog@2": "2.4.2",
    "npm:@tauri-apps/plugin-fs@2": "2.4.4",
    "npm:@tauri-apps/plugin-notification@2": "2.3.3",
    "npm:@tauri-apps/plugin-shell@2": "2.3.3",
    "npm:rescript@11": "11.1.4"
  },
  "npm": {
    "@rescript/core@1.6.1_rescript@11.1.4": {
      "integrity": "sha512-vyb5k90ck+65Fgui+5vCja/mUfzKaK3kOPT4Z6aAJdHLH1eljEi1zKhXroCiCtpNLSWp8k4ulh1bdB5WS0hvqA==",
      "dependencies": [
        "rescript"
      ]
    },
    "@tauri-apps/api@2.9.1": {
      "integrity": "sha512-IGlhP6EivjXHepbBic618GOmiWe4URJiIeZFlB7x3czM0yDHHYviH1Xvoiv4FefdkQtn6v7TuwWCRfOGdnVUGw=="
    },
    "@tauri-apps/plugin-clipboard-manager@2.3.2": {
      "integrity": "sha512-CUlb5Hqi2oZbcZf4VUyUH53XWPPdtpw43EUpCza5HWZJwxEoDowFzNUDt1tRUXA8Uq+XPn17Ysfptip33sG4eQ==",
      "dependencies": [
        "@tauri-apps/api"
      ]
    },
    "@tauri-apps/plugin-dialog@2.4.2": {
      "integrity": "sha512-lNIn5CZuw8WZOn8zHzmFmDSzg5zfohWoa3mdULP0YFh/VogVdMVWZPcWSHlydsiJhRQYaTNSYKN7RmZKE2lCYQ==",
      "dependencies": [
        "@tauri-apps/api"
      ]
    },
    "@tauri-apps/plugin-fs@2.4.4": {
      "integrity": "sha512-MTorXxIRmOnOPT1jZ3w96vjSuScER38ryXY88vl5F0uiKdnvTKKTtaEjTEo8uPbl4e3gnUtfsDVwC7h77GQLvQ==",
      "dependencies": [
        "@tauri-apps/api"
      ]
    },
    "@tauri-apps/plugin-notification@2.3.3": {
      "integrity": "sha512-Zw+ZH18RJb41G4NrfHgIuofJiymusqN+q8fGUIIV7vyCH+5sSn5coqRv/MWB9qETsUs97vmU045q7OyseCV3Qg==",
      "dependencies": [
        "@tauri-apps/api"
      ]
    },
    "@tauri-apps/plugin-shell@2.3.3": {
      "integrity": "sha512-Xod+pRcFxmOWFWEnqH5yZcA7qwAMuaaDkMR1Sply+F8VfBj++CGnj2xf5UoialmjZ2Cvd8qrvSCbU+7GgNVsKQ==",
      "dependencies": [
        "@tauri-apps/api"
      ]
    },
    "rescript@11.1.4": {
      "integrity": "sha512-0bGU0bocihjSC6MsE3TMjHjY0EUpchyrREquLS8VsZ3ohSMD+VHUEwimEfB3kpBI1vYkw3UFZ3WD8R28guz/Vw==",
      "scripts": true,
      "bin": true
    }
  },
  "workspace": {
    "dependencies": [
      "npm:@rescript/core@1",
      "npm:@tauri-apps/api@2",
      "npm:@tauri-apps/plugin-clipboard-manager@2",
      "npm:@tauri-apps/plugin-dialog@2",
      "npm:@tauri-apps/plugin-fs@2",
      "npm:@tauri-apps/plugin-notification@2",
      "npm:@tauri-apps/plugin-shell@2",
      "npm:rescript@11"
    ],
    "packageJson": {
      "dependencies": [
        "npm:@rescript/core@1",
        "npm:@tauri-apps/api@2",
        "npm:rescript@11"
      ]
    }
  }
}
